PODS:
  - FlutterMacOS (1.0.0)
  - window_activator (0.1.0):
    - FlutterMacOS

DEPENDENCIES:
  - FlutterMacOS (from `Flutter/ephemeral`)
  - window_activator (from `Flutter/ephemeral/.symlinks/plugins/window_activator/macos`)

EXTERNAL SOURCES:
  FlutterMacOS:
    :path: Flutter/ephemeral
  window_activator:
    :path: Flutter/ephemeral/.symlinks/plugins/window_activator/macos

SPEC CHECKSUMS:
  FlutterMacOS: 57701585bf7de1b3fc2bb61f6378d73bbdea8424
  window_activator: fa2c3da6a22c55810234cb5f5207dcf93fa1071c

PODFILE CHECKSUM: 6eac6b3292e5142cfc23bdeb71848a40ec51c14c

COCOAPODS: 1.9.1
